
Microsoft Visual Studio Solution File, Format Version 12.00
# Visual Studio Version 17
VisualStudioVersion = 17.0.31903.59
MinimumVisualStudioVersion = 10.0.40219.1
Project("{FAE04EC0-301F-11D3-BF4B-00C04F79EFBC}") = "ChatSupportSystem", "ChatSupportSystem\ChatSupportSystem.csproj", "{240199BA-5812-429C-AB4D-55D3C9FDB151}"
EndProject
Project("{FAE04EC0-301F-11D3-BF4B-00C04F79EFBC}") = "ChatSupportSystem.Tests", "ChatSupportSystem.Tests\ChatSupportSystem.Tests.csproj", "{0F7509D3-2E5A-41F9-832B-1ACA767468DE}"
EndProject
Global
	GlobalSection(SolutionConfigurationPlatforms) = preSolution
		Debug|Any CPU = Debug|Any CPU
		Debug|x64 = Debug|x64
		Debug|x86 = Debug|x86
		Release|Any CPU = Release|Any CPU
		Release|x64 = Release|x64
		Release|x86 = Release|x86
	EndGlobalSection
	GlobalSection(ProjectConfigurationPlatforms) = postSolution
		{240199BA-5812-429C-AB4D-55D3C9FDB151}.Debug|Any CPU.ActiveCfg = Debug|Any CPU
		{240199BA-5812-429C-AB4D-55D3C9FDB151}.Debug|Any CPU.Build.0 = Debug|Any CPU
		{240199BA-5812-429C-AB4D-55D3C9FDB151}.Debug|x64.ActiveCfg = Debug|Any CPU
		{240199BA-5812-429C-AB4D-55D3C9FDB151}.Debug|x64.Build.0 = Debug|Any CPU
		{240199BA-5812-429C-AB4D-55D3C9FDB151}.Debug|x86.ActiveCfg = Debug|Any CPU
		{240199BA-5812-429C-AB4D-55D3C9FDB151}.Debug|x86.Build.0 = Debug|Any CPU
		{240199BA-5812-429C-AB4D-55D3C9FDB151}.Release|Any CPU.ActiveCfg = Release|Any CPU
		{240199BA-5812-429C-AB4D-55D3C9FDB151}.Release|Any CPU.Build.0 = Release|Any CPU
		{240199BA-5812-429C-AB4D-55D3C9FDB151}.Release|x64.ActiveCfg = Release|Any CPU
		{240199BA-5812-429C-AB4D-55D3C9FDB151}.Release|x64.Build.0 = Release|Any CPU
		{240199BA-5812-429C-AB4D-55D3C9FDB151}.Release|x86.ActiveCfg = Release|Any CPU
		{240199BA-5812-429C-AB4D-55D3C9FDB151}.Release|x86.Build.0 = Release|Any CPU
		{0F7509D3-2E5A-41F9-832B-1ACA767468DE}.Debug|Any CPU.ActiveCfg = Debug|Any CPU
		{0F7509D3-2E5A-41F9-832B-1ACA767468DE}.Debug|Any CPU.Build.0 = Debug|Any CPU
		{0F7509D3-2E5A-41F9-832B-1ACA767468DE}.Debug|x64.ActiveCfg = Debug|Any CPU
		{0F7509D3-2E5A-41F9-832B-1ACA767468DE}.Debug|x64.Build.0 = Debug|Any CPU
		{0F7509D3-2E5A-41F9-832B-1ACA767468DE}.Debug|x86.ActiveCfg = Debug|Any CPU
		{0F7509D3-2E5A-41F9-832B-1ACA767468DE}.Debug|x86.Build.0 = Debug|Any CPU
		{0F7509D3-2E5A-41F9-832B-1ACA767468DE}.Release|Any CPU.ActiveCfg = Release|Any CPU
		{0F7509D3-2E5A-41F9-832B-1ACA767468DE}.Release|Any CPU.Build.0 = Release|Any CPU
		{0F7509D3-2E5A-41F9-832B-1ACA767468DE}.Release|x64.ActiveCfg = Release|Any CPU
		{0F7509D3-2E5A-41F9-832B-1ACA767468DE}.Release|x64.Build.0 = Release|Any CPU
		{0F7509D3-2E5A-41F9-832B-1ACA767468DE}.Release|x86.ActiveCfg = Release|Any CPU
		{0F7509D3-2E5A-41F9-832B-1ACA767468DE}.Release|x86.Build.0 = Release|Any CPU
	EndGlobalSection
	GlobalSection(SolutionProperties) = preSolution
		HideSolutionNode = FALSE
	EndGlobalSection
EndGlobal
